
Microsoft Visual Studio Solution File, Format Version 12.00
# Visual Studio Version 16
VisualStudioVersion = 16.0.30309.148
MinimumVisualStudioVersion = 10.0.40219.1
Project("{9A19103F-16F7-4668-BE54-9A1E7A4F7556}") = "FrequencyOfEachElementProgram", "FrequencyOfEachElement\FrequencyOfEachElementProgram.csproj", "{7C06E43A-844B-4CCE-8861-52ABA088A76A}"
EndProject
Project("{9A19103F-16F7-4668-BE54-9A1E7A4F7556}") = "ConsecutiveElementProgram", "ConsecutiveElementProgram\ConsecutiveElementProgram.csproj", "{4EC30107-D514-4738-A0F4-10A36C09F2A0}"
EndProject
Project("{FAE04EC0-301F-11D3-BF4B-00C04F79EFBC}") = "AbsoluteDifferenceProgram", "AbsoluteDifferenceProgram\AbsoluteDifferenceProgram.csproj", "{275A7D9E-AD7D-4CF3-9790-985CE130FD53}"
EndProject
Global
	GlobalSection(SolutionConfigurationPlatforms) = preSolution
		Debug|Any CPU = Debug|Any CPU
		Release|Any CPU = Release|Any CPU
	EndGlobalSection
	GlobalSection(ProjectConfigurationPlatforms) = postSolution
		{7C06E43A-844B-4CCE-8861-52ABA088A76A}.Debug|Any CPU.ActiveCfg = Debug|Any CPU
		{7C06E43A-844B-4CCE-8861-52ABA088A76A}.Debug|Any CPU.Build.0 = Debug|Any CPU
		{7C06E43A-844B-4CCE-8861-52ABA088A76A}.Release|Any CPU.ActiveCfg = Release|Any CPU
		{7C06E43A-844B-4CCE-8861-52ABA088A76A}.Release|Any CPU.Build.0 = Release|Any CPU
		{4EC30107-D514-4738-A0F4-10A36C09F2A0}.Debug|Any CPU.ActiveCfg = Debug|Any CPU
		{4EC30107-D514-4738-A0F4-10A36C09F2A0}.Debug|Any CPU.Build.0 = Debug|Any CPU
		{4EC30107-D514-4738-A0F4-10A36C09F2A0}.Release|Any CPU.ActiveCfg = Release|Any CPU
		{4EC30107-D514-4738-A0F4-10A36C09F2A0}.Release|Any CPU.Build.0 = Release|Any CPU
		{275A7D9E-AD7D-4CF3-9790-985CE130FD53}.Debug|Any CPU.ActiveCfg = Debug|Any CPU
		{275A7D9E-AD7D-4CF3-9790-985CE130FD53}.Debug|Any CPU.Build.0 = Debug|Any CPU
		{275A7D9E-AD7D-4CF3-9790-985CE130FD53}.Release|Any CPU.ActiveCfg = Release|Any CPU
		{275A7D9E-AD7D-4CF3-9790-985CE130FD53}.Release|Any CPU.Build.0 = Release|Any CPU
	EndGlobalSection
	GlobalSection(SolutionProperties) = preSolution
		HideSolutionNode = FALSE
	EndGlobalSection
	GlobalSection(ExtensibilityGlobals) = postSolution
		SolutionGuid = {71C211B5-4E31-4A28-98C3-070FFB8D186A}
	EndGlobalSection
EndGlobal
